
Microsoft Visual Studio Solution File, Format Version 12.00
# Visual Studio 15
VisualStudioVersion = 15.0.27004.2010
MinimumVisualStudioVersion = 10.0.40219.1
Project("{2150E333-8FDC-42A3-9474-1A3956D46DE8}") = "Solution Items", "Solution Items", "{E3A9E3A3-4EF8-4B06-B6C2-150C67E06C8D}"
	ProjectSection(SolutionItems) = preProject
		readme.md = readme.md
	EndProjectSection
EndProject
Project("{2150E333-8FDC-42A3-9474-1A3956D46DE8}") = "Web", "Web", "{66D57C25-8CB6-41A1-99C3-F2C28F3E90F5}"
EndProject
Project("{2150E333-8FDC-42A3-9474-1A3956D46DE8}") = "Library", "Library", "{C5C5870D-3612-49CA-BD52-29AD857FA555}"
EndProject
Project("{2150E333-8FDC-42A3-9474-1A3956D46DE8}") = "Client", "Client", "{A56865FD-6D30-4672-A25F-4EB686AC5F5D}"
EndProject
Project("{2150E333-8FDC-42A3-9474-1A3956D46DE8}") = "Test", "Test", "{291E00DA-665B-4E7E-A083-C39AA47A3178}"
EndProject
Project("{2150E333-8FDC-42A3-9474-1A3956D46DE8}") = "Document", "Document", "{F6557905-CC9D-4668-A4F6-CC3AAE8A0DB2}"
EndProject
Project("{2150E333-8FDC-42A3-9474-1A3956D46DE8}") = "Common", "Common", "{7D87FEAF-9717-42FB-B057-CEB6786136BD}"
EndProject
Project("{2150E333-8FDC-42A3-9474-1A3956D46DE8}") = "Security", "Security", "{50684F0D-8523-427F-960A-B8A2ED909D72}"
EndProject
Project("{2150E333-8FDC-42A3-9474-1A3956D46DE8}") = "Office", "Office", "{0F74E97F-3E7A-4840-9E51-B93D0EFFC51E}"
EndProject
Project("{2150E333-8FDC-42A3-9474-1A3956D46DE8}") = "DataAccess", "DataAccess", "{D25AFAEB-A73A-4CE5-AF30-46623582D5D2}"
EndProject
Project("{2150E333-8FDC-42A3-9474-1A3956D46DE8}") = "Json", "Json", "{615710C1-8919-4539-9C79-8B560F1839E1}"
EndProject
Project("{2150E333-8FDC-42A3-9474-1A3956D46DE8}") = "Email", "Email", "{11865C93-B958-4343-A838-A5909E3D6053}"
EndProject
Project("{2150E333-8FDC-42A3-9474-1A3956D46DE8}") = "Framework", "Framework", "{0CAD6922-69AE-4E50-86A0-3165465BDA70}"
EndProject
Project("{2150E333-8FDC-42A3-9474-1A3956D46DE8}") = "WinformFramework", "WinformFramework", "{49B14C94-D68A-4BB4-BE5F-FC108C503D49}"
EndProject
Project("{2150E333-8FDC-42A3-9474-1A3956D46DE8}") = "WebformFramework", "WebformFramework", "{0E16602A-0629-4820-9EF2-CB6205B5B7D5}"
EndProject
Project("{2150E333-8FDC-42A3-9474-1A3956D46DE8}") = "MvcFramework", "MvcFramework", "{EF2708A6-1B80-465F-879E-1CB853079A1E}"
EndProject
Project("{FAE04EC0-301F-11D3-BF4B-00C04F79EFBC}") = "Library.Security.Md5", "Library.Security.Md5\Library.Security.Md5.csproj", "{AB18E566-5CEC-49DD-96E1-53579201FDFD}"
EndProject
Project("{2150E333-8FDC-42A3-9474-1A3956D46DE8}") = "Library", "Library", "{A75F3FE1-1F85-4E35-99B0-77D2DAF6C9BE}"
EndProject
Project("{FAE04EC0-301F-11D3-BF4B-00C04F79EFBC}") = "Library.Security.UnitTestProject", "Security.UnitTestProject\Library.Security.UnitTestProject.csproj", "{99A24755-E709-4A88-AA56-2AAD2A9EB1AE}"
EndProject
Project("{2150E333-8FDC-42A3-9474-1A3956D46DE8}") = "Console", "Console", "{920F7DA3-4D9E-440F-B0AA-75C88297EFAD}"
EndProject
Project("{FAE04EC0-301F-11D3-BF4B-00C04F79EFBC}") = "ConsoleApp1", "ConsoleApp1\ConsoleApp1.csproj", "{96832093-C85B-4A29-B549-B4667BC6C41B}"
EndProject
Global
	GlobalSection(SolutionConfigurationPlatforms) = preSolution
		Debug|Any CPU = Debug|Any CPU
		Release|Any CPU = Release|Any CPU
	EndGlobalSection
	GlobalSection(ProjectConfigurationPlatforms) = postSolution
		{AB18E566-5CEC-49DD-96E1-53579201FDFD}.Debug|Any CPU.ActiveCfg = Debug|Any CPU
		{AB18E566-5CEC-49DD-96E1-53579201FDFD}.Debug|Any CPU.Build.0 = Debug|Any CPU
		{AB18E566-5CEC-49DD-96E1-53579201FDFD}.Release|Any CPU.ActiveCfg = Release|Any CPU
		{AB18E566-5CEC-49DD-96E1-53579201FDFD}.Release|Any CPU.Build.0 = Release|Any CPU
		{99A24755-E709-4A88-AA56-2AAD2A9EB1AE}.Debug|Any CPU.ActiveCfg = Debug|Any CPU
		{99A24755-E709-4A88-AA56-2AAD2A9EB1AE}.Debug|Any CPU.Build.0 = Debug|Any CPU
		{99A24755-E709-4A88-AA56-2AAD2A9EB1AE}.Release|Any CPU.ActiveCfg = Release|Any CPU
		{99A24755-E709-4A88-AA56-2AAD2A9EB1AE}.Release|Any CPU.Build.0 = Release|Any CPU
		{96832093-C85B-4A29-B549-B4667BC6C41B}.Debug|Any CPU.ActiveCfg = Debug|Any CPU
		{96832093-C85B-4A29-B549-B4667BC6C41B}.Debug|Any CPU.Build.0 = Debug|Any CPU
		{96832093-C85B-4A29-B549-B4667BC6C41B}.Release|Any CPU.ActiveCfg = Release|Any CPU
		{96832093-C85B-4A29-B549-B4667BC6C41B}.Release|Any CPU.Build.0 = Release|Any CPU
	EndGlobalSection
	GlobalSection(SolutionProperties) = preSolution
		HideSolutionNode = FALSE
	EndGlobalSection
	GlobalSection(NestedProjects) = preSolution
		{7D87FEAF-9717-42FB-B057-CEB6786136BD} = {C5C5870D-3612-49CA-BD52-29AD857FA555}
		{50684F0D-8523-427F-960A-B8A2ED909D72} = {C5C5870D-3612-49CA-BD52-29AD857FA555}
		{0F74E97F-3E7A-4840-9E51-B93D0EFFC51E} = {C5C5870D-3612-49CA-BD52-29AD857FA555}
		{D25AFAEB-A73A-4CE5-AF30-46623582D5D2} = {C5C5870D-3612-49CA-BD52-29AD857FA555}
		{615710C1-8919-4539-9C79-8B560F1839E1} = {C5C5870D-3612-49CA-BD52-29AD857FA555}
		{11865C93-B958-4343-A838-A5909E3D6053} = {C5C5870D-3612-49CA-BD52-29AD857FA555}
		{49B14C94-D68A-4BB4-BE5F-FC108C503D49} = {0CAD6922-69AE-4E50-86A0-3165465BDA70}
		{0E16602A-0629-4820-9EF2-CB6205B5B7D5} = {0CAD6922-69AE-4E50-86A0-3165465BDA70}
		{EF2708A6-1B80-465F-879E-1CB853079A1E} = {0CAD6922-69AE-4E50-86A0-3165465BDA70}
		{AB18E566-5CEC-49DD-96E1-53579201FDFD} = {50684F0D-8523-427F-960A-B8A2ED909D72}
		{A75F3FE1-1F85-4E35-99B0-77D2DAF6C9BE} = {291E00DA-665B-4E7E-A083-C39AA47A3178}
		{99A24755-E709-4A88-AA56-2AAD2A9EB1AE} = {A75F3FE1-1F85-4E35-99B0-77D2DAF6C9BE}
		{920F7DA3-4D9E-440F-B0AA-75C88297EFAD} = {A56865FD-6D30-4672-A25F-4EB686AC5F5D}
		{96832093-C85B-4A29-B549-B4667BC6C41B} = {920F7DA3-4D9E-440F-B0AA-75C88297EFAD}
	EndGlobalSection
	GlobalSection(ExtensibilityGlobals) = postSolution
		SolutionGuid = {A8D1EA92-53F1-450F-83A6-7C74012DCA9A}
	EndGlobalSection
EndGlobal
